
Microsoft Visual Studio Solution File, Format Version 12.00
# Visual Studio Version 17
VisualStudioVersion = 17.0.31903.59
MinimumVisualStudioVersion = 10.0.40219.1
Project("{FAE04EC0-301F-11D3-BF4B-00C04F79EFBC}") = "SmartBooking.Domain", "SmartBooking.Domain\SmartBooking.Domain.csproj", "{4F2CB530-D029-4545-9804-7883CA776CA9}"
EndProject
Project("{FAE04EC0-301F-11D3-BF4B-00C04F79EFBC}") = "SmartBooking.Application", "SmartBooking.Application\SmartBooking.Application.csproj", "{D82869A8-8E27-4D37-89B7-377E95088DD4}"
EndProject
Project("{FAE04EC0-301F-11D3-BF4B-00C04F79EFBC}") = "SmartBooking.Infrastructure", "SmartBooking.Infrastructure\SmartBooking.Infrastructure.csproj", "{65B5E453-1646-4B43-BBB5-7A7664584EBA}"
EndProject
Project("{FAE04EC0-301F-11D3-BF4B-00C04F79EFBC}") = "SmartBooking.WebAPI", "SmartBooking.WebAPI\SmartBooking.WebAPI.csproj", "{5433A4F4-E9F5-4FF1-8A16-C434835F91BA}"
EndProject
Project("{FAE04EC0-301F-11D3-BF4B-00C04F79EFBC}") = "SmartBooking.BlazorUI", "SmartBooking.BlazorUI\SmartBooking.BlazorUI.csproj", "{BE57E5BA-3DE4-4C99-858B-D5CD334C3900}"
EndProject
Project("{FAE04EC0-301F-11D3-BF4B-00C04F79EFBC}") = "SmartBooking.Shared", "SmartBooking.Shared\SmartBooking.Shared.csproj", "{7A6D3C5A-339F-459E-A47E-452843ADB043}"
EndProject
Global
	GlobalSection(SolutionConfigurationPlatforms) = preSolution
		Debug|Any CPU = Debug|Any CPU
		Release|Any CPU = Release|Any CPU
	EndGlobalSection
	GlobalSection(ProjectConfigurationPlatforms) = postSolution
		{4F2CB530-D029-4545-9804-7883CA776CA9}.Debug|Any CPU.ActiveCfg = Debug|Any CPU
		{4F2CB530-D029-4545-9804-7883CA776CA9}.Debug|Any CPU.Build.0 = Debug|Any CPU
		{4F2CB530-D029-4545-9804-7883CA776CA9}.Release|Any CPU.ActiveCfg = Release|Any CPU
		{4F2CB530-D029-4545-9804-7883CA776CA9}.Release|Any CPU.Build.0 = Release|Any CPU
		{D82869A8-8E27-4D37-89B7-377E95088DD4}.Debug|Any CPU.ActiveCfg = Debug|Any CPU
		{D82869A8-8E27-4D37-89B7-377E95088DD4}.Debug|Any CPU.Build.0 = Debug|Any CPU
		{D82869A8-8E27-4D37-89B7-377E95088DD4}.Release|Any CPU.ActiveCfg = Release|Any CPU
		{D82869A8-8E27-4D37-89B7-377E95088DD4}.Release|Any CPU.Build.0 = Release|Any CPU
		{65B5E453-1646-4B43-BBB5-7A7664584EBA}.Debug|Any CPU.ActiveCfg = Debug|Any CPU
		{65B5E453-1646-4B43-BBB5-7A7664584EBA}.Debug|Any CPU.Build.0 = Debug|Any CPU
		{65B5E453-1646-4B43-BBB5-7A7664584EBA}.Release|Any CPU.ActiveCfg = Release|Any CPU
		{65B5E453-1646-4B43-BBB5-7A7664584EBA}.Release|Any CPU.Build.0 = Release|Any CPU
		{5433A4F4-E9F5-4FF1-8A16-C434835F91BA}.Debug|Any CPU.ActiveCfg = Debug|Any CPU
		{5433A4F4-E9F5-4FF1-8A16-C434835F91BA}.Debug|Any CPU.Build.0 = Debug|Any CPU
		{5433A4F4-E9F5-4FF1-8A16-C434835F91BA}.Release|Any CPU.ActiveCfg = Release|Any CPU
		{5433A4F4-E9F5-4FF1-8A16-C434835F91BA}.Release|Any CPU.Build.0 = Release|Any CPU
		{BE57E5BA-3DE4-4C99-858B-D5CD334C3900}.Debug|Any CPU.ActiveCfg = Debug|Any CPU
		{BE57E5BA-3DE4-4C99-858B-D5CD334C3900}.Debug|Any CPU.Build.0 = Debug|Any CPU
		{BE57E5BA-3DE4-4C99-858B-D5CD334C3900}.Release|Any CPU.ActiveCfg = Release|Any CPU
		{BE57E5BA-3DE4-4C99-858B-D5CD334C3900}.Release|Any CPU.Build.0 = Release|Any CPU
		{7A6D3C5A-339F-459E-A47E-452843ADB043}.Debug|Any CPU.ActiveCfg = Debug|Any CPU
		{7A6D3C5A-339F-459E-A47E-452843ADB043}.Debug|Any CPU.Build.0 = Debug|Any CPU
		{7A6D3C5A-339F-459E-A47E-452843ADB043}.Release|Any CPU.ActiveCfg = Release|Any CPU
		{7A6D3C5A-339F-459E-A47E-452843ADB043}.Release|Any CPU.Build.0 = Release|Any CPU
	EndGlobalSection
	GlobalSection(SolutionProperties) = preSolution
		HideSolutionNode = FALSE
	EndGlobalSection
	GlobalSection(ExtensibilityGlobals) = postSolution
		SolutionGuid = {AF7AB4C4-CA34-4E24-A509-90B15DFEF99E}
	EndGlobalSection
EndGlobal
